// !$*UTF8*$!
{
	archiveVersion = 1;
	classes = {
	};
	objectVersion = 48;
	objects = {

/* Begin PBXBuildFile section */
		DC1E786E20363F9F00343507 /* CKANTypes.swift in Sources */ = {isa = PBXBuildFile; fileRef = DC1E786D20363F9F00343507 /* CKANTypes.swift */; };
		DC1E786F20363FE200343507 /* CKANTypes.swift in Sources */ = {isa = PBXBuildFile; fileRef = DC1E786D20363F9F00343507 /* CKANTypes.swift */; };
		DC33CFC1203D89140034E465 /* Colors.swift in Sources */ = {isa = PBXBuildFile; fileRef = DC33CFC0203D89140034E465 /* Colors.swift */; };
		DC33CFC3203EC8010034E465 /* CKANManager.swift in Sources */ = {isa = PBXBuildFile; fileRef = DC33CFC2203EC8010034E465 /* CKANManager.swift */; };
		DC654993203326C50023111E /* BrowseViewController.swift in Sources */ = {isa = PBXBuildFile; fileRef = DC654992203326C50023111E /* BrowseViewController.swift */; };
		DC654999203338820023111E /* WebKit.framework in Frameworks */ = {isa = PBXBuildFile; fileRef = DC654998203338820023111E /* WebKit.framework */; };
		DC84D02B204DBC65005CBDCD /* CKANFile.swift in Sources */ = {isa = PBXBuildFile; fileRef = DC84D02A204DBC65005CBDCD /* CKANFile.swift */; };
		DCADA393203865EB00C1E7BA /* MainViewController.swift in Sources */ = {isa = PBXBuildFile; fileRef = DCADA392203865EB00C1E7BA /* MainViewController.swift */; };
		DCADA397203868EC00C1E7BA /* WelcomeSheetViewController.swift in Sources */ = {isa = PBXBuildFile; fileRef = DCADA396203868EC00C1E7BA /* WelcomeSheetViewController.swift */; };
		DCADA3A6203B297400C1E7BA /* ModuleCollectionViewItem.swift in Sources */ = {isa = PBXBuildFile; fileRef = DCADA3A4203B297400C1E7BA /* ModuleCollectionViewItem.swift */; };
		DCADA3A7203B297400C1E7BA /* ModuleCollectionViewItem.xib in Resources */ = {isa = PBXBuildFile; fileRef = DCADA3A5203B297400C1E7BA /* ModuleCollectionViewItem.xib */; };
		DCDD1641204AF16100A04672 /* ModuleDetailViewController.swift in Sources */ = {isa = PBXBuildFile; fileRef = DCDD163F204AF16100A04672 /* ModuleDetailViewController.swift */; };
		DCDD1648204B0AAC00A04672 /* CKANRepository.swift in Sources */ = {isa = PBXBuildFile; fileRef = DCDD1647204B0AAC00A04672 /* CKANRepository.swift */; };
		DCDD164A204B0D5800A04672 /* CKANSettings.swift in Sources */ = {isa = PBXBuildFile; fileRef = DCDD1649204B0D5800A04672 /* CKANSettings.swift */; };
		DCDD1656204CAD2700A04672 /* ZIPFoundation.framework in Frameworks */ = {isa = PBXBuildFile; fileRef = DCDD1655204CAD2600A04672 /* ZIPFoundation.framework */; };
		DCDD1657204CAD2700A04672 /* ZIPFoundation.framework in Embed Frameworks */ = {isa = PBXBuildFile; fileRef = DCDD1655204CAD2600A04672 /* ZIPFoundation.framework */; settings = {ATTRIBUTES = (CodeSignOnCopy, RemoveHeadersOnCopy, ); }; };
		DCDD165B204CAD6300A04672 /* ZIPFoundation.framework.dSYM in CopyFiles */ = {isa = PBXBuildFile; fileRef = DCDD165A204CAD6300A04672 /* ZIPFoundation.framework.dSYM */; };
		DCF093A120309F04003224AC /* AppDelegate.swift in Sources */ = {isa = PBXBuildFile; fileRef = DCF093A020309F04003224AC /* AppDelegate.swift */; };
		DCF093A520309F04003224AC /* Assets.xcassets in Resources */ = {isa = PBXBuildFile; fileRef = DCF093A420309F04003224AC /* Assets.xcassets */; };
		DCF093A820309F04003224AC /* Main.storyboard in Resources */ = {isa = PBXBuildFile; fileRef = DCF093A620309F04003224AC /* Main.storyboard */; };
/* End PBXBuildFile section */

/* Begin PBXContainerItemProxy section */
		DCF093B020309F05003224AC /* PBXContainerItemProxy */ = {
			isa = PBXContainerItemProxy;
			containerPortal = DCF0939520309F04003224AC /* Project object */;
			proxyType = 1;
			remoteGlobalIDString = DCF0939C20309F04003224AC;
			remoteInfo = "Launch Pad";
		};
/* End PBXContainerItemProxy section */

/* Begin PBXCopyFilesBuildPhase section */
		DCDD1658204CAD2700A04672 /* Embed Frameworks */ = {
			isa = PBXCopyFilesBuildPhase;
			buildActionMask = 2147483647;
			dstPath = "";
			dstSubfolderSpec = 10;
			files = (
				DCDD1657204CAD2700A04672 /* ZIPFoundation.framework in Embed Frameworks */,
			);
			name = "Embed Frameworks";
			runOnlyForDeploymentPostprocessing = 0;
		};
		DCDD1659204CAD4000A04672 /* CopyFiles */ = {
			isa = PBXCopyFilesBuildPhase;
			buildActionMask = 2147483647;
			dstPath = "";
			dstSubfolderSpec = 16;
			files = (
				DCDD165B204CAD6300A04672 /* ZIPFoundation.framework.dSYM in CopyFiles */,
			);
			runOnlyForDeploymentPostprocessing = 0;
		};
/* End PBXCopyFilesBuildPhase section */

/* Begin PBXFileReference section */
		DC1E786D20363F9F00343507 /* CKANTypes.swift */ = {isa = PBXFileReference; lastKnownFileType = sourcecode.swift; path = CKANTypes.swift; sourceTree = "<group>"; };
		DC33CFC0203D89140034E465 /* Colors.swift */ = {isa = PBXFileReference; lastKnownFileType = sourcecode.swift; path = Colors.swift; sourceTree = "<group>"; };
		DC33CFC2203EC8010034E465 /* CKANManager.swift */ = {isa = PBXFileReference; lastKnownFileType = sourcecode.swift; path = CKANManager.swift; sourceTree = "<group>"; };
		DC654992203326C50023111E /* BrowseViewController.swift */ = {isa = PBXFileReference; lastKnownFileType = sourcecode.swift; path = BrowseViewController.swift; sourceTree = "<group>"; };
		DC654998203338820023111E /* WebKit.framework */ = {isa = PBXFileReference; lastKnownFileType = wrapper.framework; name = WebKit.framework; path = System/Library/Frameworks/WebKit.framework; sourceTree = SDKROOT; };
		DC65499A203338B80023111E /* Launch Pad.entitlements */ = {isa = PBXFileReference; lastKnownFileType = text.plist.entitlements; path = "Launch Pad.entitlements"; sourceTree = "<group>"; };
		DC84D02A204DBC65005CBDCD /* CKANFile.swift */ = {isa = PBXFileReference; lastKnownFileType = sourcecode.swift; path = CKANFile.swift; sourceTree = "<group>"; };
		DCADA390203786DB00C1E7BA /* Readme.md */ = {isa = PBXFileReference; lastKnownFileType = net.daringfireball.markdown; path = Readme.md; sourceTree = "<group>"; };
		DCADA392203865EB00C1E7BA /* MainViewController.swift */ = {isa = PBXFileReference; lastKnownFileType = sourcecode.swift; path = MainViewController.swift; sourceTree = "<group>"; };
		DCADA396203868EC00C1E7BA /* WelcomeSheetViewController.swift */ = {isa = PBXFileReference; lastKnownFileType = sourcecode.swift; path = WelcomeSheetViewController.swift; sourceTree = "<group>"; };
		DCADA3A4203B297400C1E7BA /* ModuleCollectionViewItem.swift */ = {isa = PBXFileReference; lastKnownFileType = sourcecode.swift; path = ModuleCollectionViewItem.swift; sourceTree = "<group>"; };
		DCADA3A5203B297400C1E7BA /* ModuleCollectionViewItem.xib */ = {isa = PBXFileReference; lastKnownFileType = file.xib; path = ModuleCollectionViewItem.xib; sourceTree = "<group>"; };
		DCDD163F204AF16100A04672 /* ModuleDetailViewController.swift */ = {isa = PBXFileReference; lastKnownFileType = sourcecode.swift; path = ModuleDetailViewController.swift; sourceTree = "<group>"; };
		DCDD1647204B0AAC00A04672 /* CKANRepository.swift */ = {isa = PBXFileReference; lastKnownFileType = sourcecode.swift; path = CKANRepository.swift; sourceTree = "<group>"; };
		DCDD1649204B0D5800A04672 /* CKANSettings.swift */ = {isa = PBXFileReference; lastKnownFileType = sourcecode.swift; path = CKANSettings.swift; sourceTree = "<group>"; };
		DCDD1655204CAD2600A04672 /* ZIPFoundation.framework */ = {isa = PBXFileReference; lastKnownFileType = wrapper.framework; name = ZIPFoundation.framework; path = Carthage/Build/Mac/ZIPFoundation.framework; sourceTree = "<group>"; };
		DCDD165A204CAD6300A04672 /* ZIPFoundation.framework.dSYM */ = {isa = PBXFileReference; lastKnownFileType = wrapper.dsym; name = ZIPFoundation.framework.dSYM; path = Carthage/Build/Mac/ZIPFoundation.framework.dSYM; sourceTree = "<group>"; };
		DCF0939D20309F04003224AC /* Launch Pad.app */ = {isa = PBXFileReference; explicitFileType = wrapper.application; includeInIndex = 0; path = "Launch Pad.app"; sourceTree = BUILT_PRODUCTS_DIR; };
		DCF093A020309F04003224AC /* AppDelegate.swift */ = {isa = PBXFileReference; lastKnownFileType = sourcecode.swift; path = AppDelegate.swift; sourceTree = "<group>"; };
		DCF093A420309F04003224AC /* Assets.xcassets */ = {isa = PBXFileReference; lastKnownFileType = folder.assetcatalog; path = Assets.xcassets; sourceTree = "<group>"; };
		DCF093A720309F04003224AC /* Base */ = {isa = PBXFileReference; lastKnownFileType = file.storyboard; name = Base; path = Base.lproj/Main.storyboard; sourceTree = "<group>"; };
		DCF093A920309F05003224AC /* Info.plist */ = {isa = PBXFileReference; lastKnownFileType = text.plist.xml; path = Info.plist; sourceTree = "<group>"; };
		DCF093AA20309F05003224AC /* Launch_Pad.entitlements */ = {isa = PBXFileReference; lastKnownFileType = text.plist.entitlements; path = Launch_Pad.entitlements; sourceTree = "<group>"; };
		DCF093AF20309F05003224AC /* Launch PadTests.xctest */ = {isa = PBXFileReference; explicitFileType = wrapper.cfbundle; includeInIndex = 0; path = "Launch PadTests.xctest"; sourceTree = BUILT_PRODUCTS_DIR; };
		DCF093B520309F05003224AC /* Info.plist */ = {isa = PBXFileReference; lastKnownFileType = text.plist.xml; path = Info.plist; sourceTree = "<group>"; };
/* End PBXFileReference section */

/* Begin PBXFrameworksBuildPhase section */
		DCF0939A20309F04003224AC /* Frameworks */ = {
			isa = PBXFrameworksBuildPhase;
			buildActionMask = 2147483647;
			files = (
				DC654999203338820023111E /* WebKit.framework in Frameworks */,
				DCDD1656204CAD2700A04672 /* ZIPFoundation.framework in Frameworks */,
			);
			runOnlyForDeploymentPostprocessing = 0;
		};
		DCF093AC20309F05003224AC /* Frameworks */ = {
			isa = PBXFrameworksBuildPhase;
			buildActionMask = 2147483647;
			files = (
			);
			runOnlyForDeploymentPostprocessing = 0;
		};
/* End PBXFrameworksBuildPhase section */

/* Begin PBXGroup section */
		DC654996203327DF0023111E /* Assets */ = {
			isa = PBXGroup;
			children = (
				DCF093A420309F04003224AC /* Assets.xcassets */,
				DC33CFC0203D89140034E465 /* Colors.swift */,
			);
			path = Assets;
			sourceTree = "<group>";
		};
		DC654997203338820023111E /* Frameworks */ = {
			isa = PBXGroup;
			children = (
				DC654998203338820023111E /* WebKit.framework */,
			);
			name = Frameworks;
			sourceTree = "<group>";
		};
		DC65499B203339A00023111E /* CKANClient */ = {
			isa = PBXGroup;
			children = (
				DC33CFC2203EC8010034E465 /* CKANManager.swift */,
				DC1E786D20363F9F00343507 /* CKANTypes.swift */,
			);
			path = CKANClient;
			sourceTree = "<group>";
		};
		DCADA391203865BC00C1E7BA /* UI */ = {
			isa = PBXGroup;
			children = (
				DCF093A620309F04003224AC /* Main.storyboard */,
				DCADA3952038664400C1E7BA /* Main */,
				DCADA3942038663600C1E7BA /* Browse */,
				DCDD1643204AF17E00A04672 /* Common */,
			);
			path = UI;
			sourceTree = "<group>";
		};
		DCADA3942038663600C1E7BA /* Browse */ = {
			isa = PBXGroup;
			children = (
				DC654992203326C50023111E /* BrowseViewController.swift */,
				DCADA3A4203B297400C1E7BA /* ModuleCollectionViewItem.swift */,
				DCADA3A5203B297400C1E7BA /* ModuleCollectionViewItem.xib */,
			);
			path = Browse;
			sourceTree = "<group>";
		};
		DCADA3952038664400C1E7BA /* Main */ = {
			isa = PBXGroup;
			children = (
				DCADA392203865EB00C1E7BA /* MainViewController.swift */,
				DCADA396203868EC00C1E7BA /* WelcomeSheetViewController.swift */,
			);
			path = Main;
			sourceTree = "<group>";
		};
		DCDD1643204AF17E00A04672 /* Common */ = {
			isa = PBXGroup;
			children = (
				DCDD163F204AF16100A04672 /* ModuleDetailViewController.swift */,
			);
			name = Common;
			path = "New Group";
			sourceTree = "<group>";
		};
		DCDD1644204B09FF00A04672 /* CKANKit */ = {
			isa = PBXGroup;
			children = (
				DCDD1647204B0AAC00A04672 /* CKANRepository.swift */,
				DCDD1649204B0D5800A04672 /* CKANSettings.swift */,
				DC84D02A204DBC65005CBDCD /* CKANFile.swift */,
			);
			path = CKANKit;
			sourceTree = "<group>";
		};
		DCF0939420309F04003224AC = {
			isa = PBXGroup;
			children = (
				DCDD165A204CAD6300A04672 /* ZIPFoundation.framework.dSYM */,
				DCDD1655204CAD2600A04672 /* ZIPFoundation.framework */,
				DCDD1644204B09FF00A04672 /* CKANKit */,
				DCADA390203786DB00C1E7BA /* Readme.md */,
				DC654996203327DF0023111E /* Assets */,
				DCF0939F20309F04003224AC /* Launch Pad */,
				DCF093B220309F05003224AC /* Launch PadTests */,
				DCF0939E20309F04003224AC /* Products */,
				DC654997203338820023111E /* Frameworks */,
			);
			sourceTree = "<group>";
		};
		DCF0939E20309F04003224AC /* Products */ = {
			isa = PBXGroup;
			children = (
				DCF0939D20309F04003224AC /* Launch Pad.app */,
				DCF093AF20309F05003224AC /* Launch PadTests.xctest */,
			);
			name = Products;
			sourceTree = "<group>";
		};
		DCF0939F20309F04003224AC /* Launch Pad */ = {
			isa = PBXGroup;
			children = (
				DC65499A203338B80023111E /* Launch Pad.entitlements */,
				DCF093A920309F05003224AC /* Info.plist */,
				DCF093AA20309F05003224AC /* Launch_Pad.entitlements */,
				DCADA391203865BC00C1E7BA /* UI */,
				DC65499B203339A00023111E /* CKANClient */,
				DCF093A020309F04003224AC /* AppDelegate.swift */,
			);
			path = "Launch Pad";
			sourceTree = "<group>";
		};
		DCF093B220309F05003224AC /* Launch PadTests */ = {
			isa = PBXGroup;
			children = (
				DCF093B520309F05003224AC /* Info.plist */,
			);
			path = "Launch PadTests";
			sourceTree = "<group>";
		};
/* End PBXGroup section */

/* Begin PBXNativeTarget section */
		DCF0939C20309F04003224AC /* Launch Pad */ = {
			isa = PBXNativeTarget;
			buildConfigurationList = DCF093B820309F05003224AC /* Build configuration list for PBXNativeTarget "Launch Pad" */;
			buildPhases = (
				DCF0939920309F04003224AC /* Sources */,
				DCF0939A20309F04003224AC /* Frameworks */,
				DCF0939B20309F04003224AC /* Resources */,
				DCDD1658204CAD2700A04672 /* Embed Frameworks */,
				DCDD1659204CAD4000A04672 /* CopyFiles */,
			);
			buildRules = (
			);
			dependencies = (
			);
			name = "Launch Pad";
			productName = "Launch Pad";
			productReference = DCF0939D20309F04003224AC /* Launch Pad.app */;
			productType = "com.apple.product-type.application";
		};
		DCF093AE20309F05003224AC /* Launch PadTests */ = {
			isa = PBXNativeTarget;
			buildConfigurationList = DCF093BB20309F05003224AC /* Build configuration list for PBXNativeTarget "Launch PadTests" */;
			buildPhases = (
				DCF093AB20309F05003224AC /* Sources */,
				DCF093AC20309F05003224AC /* Frameworks */,
				DCF093AD20309F05003224AC /* Resources */,
			);
			buildRules = (
			);
			dependencies = (
				DCF093B120309F05003224AC /* PBXTargetDependency */,
			);
			name = "Launch PadTests";
			productName = "Launch PadTests";
			productReference = DCF093AF20309F05003224AC /* Launch PadTests.xctest */;
			productType = "com.apple.product-type.bundle.unit-test";
		};
/* End PBXNativeTarget section */

/* Begin PBXProject section */
		DCF0939520309F04003224AC /* Project object */ = {
			isa = PBXProject;
			attributes = {
				LastSwiftUpdateCheck = 0920;
				LastUpgradeCheck = 0920;
				ORGANIZATIONNAME = breakthesystem;
				TargetAttributes = {
					DCF0939C20309F04003224AC = {
						CreatedOnToolsVersion = 9.2;
						ProvisioningStyle = Automatic;
						SystemCapabilities = {
							com.apple.Sandbox = {
								enabled = 0;
							};
						};
					};
					DCF093AE20309F05003224AC = {
						CreatedOnToolsVersion = 9.2;
						ProvisioningStyle = Automatic;
						TestTargetID = DCF0939C20309F04003224AC;
					};
				};
			};
			buildConfigurationList = DCF0939820309F04003224AC /* Build configuration list for PBXProject "Launch Pad" */;
			compatibilityVersion = "Xcode 8.0";
			developmentRegion = en;
			hasScannedForEncodings = 0;
			knownRegions = (
				en,
				Base,
			);
			mainGroup = DCF0939420309F04003224AC;
			productRefGroup = DCF0939E20309F04003224AC /* Products */;
			projectDirPath = "";
			projectRoot = "";
			targets = (
				DCF0939C20309F04003224AC /* Launch Pad */,
				DCF093AE20309F05003224AC /* Launch PadTests */,
			);
		};
/* End PBXProject section */

/* Begin PBXResourcesBuildPhase section */
		DCF0939B20309F04003224AC /* Resources */ = {
			isa = PBXResourcesBuildPhase;
			buildActionMask = 2147483647;
			files = (
				DCADA3A7203B297400C1E7BA /* ModuleCollectionViewItem.xib in Resources */,
				DCF093A520309F04003224AC /* Assets.xcassets in Resources */,
				DCF093A820309F04003224AC /* Main.storyboard in Resources */,
			);
			runOnlyForDeploymentPostprocessing = 0;
		};
		DCF093AD20309F05003224AC /* Resources */ = {
			isa = PBXResourcesBuildPhase;
			buildActionMask = 2147483647;
			files = (
			);
			runOnlyForDeploymentPostprocessing = 0;
		};
/* End PBXResourcesBuildPhase section */

/* Begin PBXSourcesBuildPhase section */
		DCF0939920309F04003224AC /* Sources */ = {
			isa = PBXSourcesBuildPhase;
			buildActionMask = 2147483647;
			files = (
				DCDD1641204AF16100A04672 /* ModuleDetailViewController.swift in Sources */,
				DC33CFC3203EC8010034E465 /* CKANManager.swift in Sources */,
				DCDD1648204B0AAC00A04672 /* CKANRepository.swift in Sources */,
				DCADA3A6203B297400C1E7BA /* ModuleCollectionViewItem.swift in Sources */,
				DC33CFC1203D89140034E465 /* Colors.swift in Sources */,
				DC654993203326C50023111E /* BrowseViewController.swift in Sources */,
				DCADA397203868EC00C1E7BA /* WelcomeSheetViewController.swift in Sources */,
				DCADA393203865EB00C1E7BA /* MainViewController.swift in Sources */,
				DC1E786E20363F9F00343507 /* CKANTypes.swift in Sources */,
				DCDD164A204B0D5800A04672 /* CKANSettings.swift in Sources */,
				DC84D02B204DBC65005CBDCD /* CKANFile.swift in Sources */,
				DCF093A120309F04003224AC /* AppDelegate.swift in Sources */,
			);
			runOnlyForDeploymentPostprocessing = 0;
		};
		DCF093AB20309F05003224AC /* Sources */ = {
			isa = PBXSourcesBuildPhase;
			buildActionMask = 2147483647;
			files = (
				DC1E786F20363FE200343507 /* CKANTypes.swift in Sources */,
			);
			runOnlyForDeploymentPostprocessing = 0;
		};
/* End PBXSourcesBuildPhase section */

/* Begin PBXTargetDependency section */
		DCF093B120309F05003224AC /* PBXTargetDependency */ = {
			isa = PBXTargetDependency;
			target = DCF0939C20309F04003224AC /* Launch Pad */;
			targetProxy = DCF093B020309F05003224AC /* PBXContainerItemProxy */;
		};
/* End PBXTargetDependency section */

/* Begin PBXVariantGroup section */
		DCF093A620309F04003224AC /* Main.storyboard */ = {
			isa = PBXVariantGroup;
			children = (
				DCF093A720309F04003224AC /* Base */,
			);
			name = Main.storyboard;
			sourceTree = "<group>";
		};
/* End PBXVariantGroup section */

/* Begin XCBuildConfiguration section */
		DCF093B620309F05003224AC /* Debug */ = {
			isa = XCBuildConfiguration;
			buildSettings = {
				ALWAYS_SEARCH_USER_PATHS = NO;
				CLANG_ANALYZER_NONNULL = YES;
				CLANG_ANALYZER_NUMBER_OBJECT_CONVERSION = YES_AGGRESSIVE;
				CLANG_CXX_LANGUAGE_STANDARD = "gnu++14";
				CLANG_CXX_LIBRARY = "libc++";
				CLANG_ENABLE_MODULES = YES;
				CLANG_ENABLE_OBJC_ARC = YES;
				CLANG_WARN_BLOCK_CAPTURE_AUTORELEASING = YES;
				CLANG_WARN_BOOL_CONVERSION = YES;
				CLANG_WARN_COMMA = YES;
				CLANG_WARN_CONSTANT_CONVERSION = YES;
				CLANG_WARN_DIRECT_OBJC_ISA_USAGE = YES_ERROR;
				CLANG_WARN_DOCUMENTATION_COMMENTS = YES;
				CLANG_WARN_EMPTY_BODY = YES;
				CLANG_WARN_ENUM_CONVERSION = YES;
				CLANG_WARN_INFINITE_RECURSION = YES;
				CLANG_WARN_INT_CONVERSION = YES;
				CLANG_WARN_NON_LITERAL_NULL_CONVERSION = YES;
				CLANG_WARN_OBJC_LITERAL_CONVERSION = YES;
				CLANG_WARN_OBJC_ROOT_CLASS = YES_ERROR;
				CLANG_WARN_RANGE_LOOP_ANALYSIS = YES;
				CLANG_WARN_STRICT_PROTOTYPES = YES;
				CLANG_WARN_SUSPICIOUS_MOVE = YES;
				CLANG_WARN_UNGUARDED_AVAILABILITY = YES_AGGRESSIVE;
				CLANG_WARN_UNREACHABLE_CODE = YES;
				CLANG_WARN__DUPLICATE_METHOD_MATCH = YES;
				CODE_SIGN_IDENTITY = "-";
				COPY_PHASE_STRIP = NO;
				DEBUG_INFORMATION_FORMAT = dwarf;
				ENABLE_STRICT_OBJC_MSGSEND = YES;
				ENABLE_TESTABILITY = YES;
				GCC_C_LANGUAGE_STANDARD = gnu11;
				GCC_DYNAMIC_NO_PIC = NO;
				GCC_NO_COMMON_BLOCKS = YES;
				GCC_OPTIMIZATION_LEVEL = 0;
				GCC_PREPROCESSOR_DEFINITIONS = (
					"DEBUG=1",
					"$(inherited)",
				);
				GCC_WARN_64_TO_32_BIT_CONVERSION = YES;
				GCC_WARN_ABOUT_RETURN_TYPE = YES_ERROR;
				GCC_WARN_UNDECLARED_SELECTOR = YES;
				GCC_WARN_UNINITIALIZED_AUTOS = YES_AGGRESSIVE;
				GCC_WARN_UNUSED_FUNCTION = YES;
				GCC_WARN_UNUSED_VARIABLE = YES;
				MACOSX_DEPLOYMENT_TARGET = 10.13;
				MTL_ENABLE_DEBUG_INFO = YES;
				ONLY_ACTIVE_ARCH = YES;
				SDKROOT = macosx;
				SWIFT_ACTIVE_COMPILATION_CONDITIONS = DEBUG;
				SWIFT_OPTIMIZATION_LEVEL = "-Onone";
			};
			name = Debug;
		};
		DCF093B720309F05003224AC /* Release */ = {
			isa = XCBuildConfiguration;
			buildSettings = {
				ALWAYS_SEARCH_USER_PATHS = NO;
				CLANG_ANALYZER_NONNULL = YES;
				CLANG_ANALYZER_NUMBER_OBJECT_CONVERSION = YES_AGGRESSIVE;
				CLANG_CXX_LANGUAGE_STANDARD = "gnu++14";
				CLANG_CXX_LIBRARY = "libc++";
				CLANG_ENABLE_MODULES = YES;
				CLANG_ENABLE_OBJC_ARC = YES;
				CLANG_WARN_BLOCK_CAPTURE_AUTORELEASING = YES;
				CLANG_WARN_BOOL_CONVERSION = YES;
				CLANG_WARN_COMMA = YES;
				CLANG_WARN_CONSTANT_CONVERSION = YES;
				CLANG_WARN_DIRECT_OBJC_ISA_USAGE = YES_ERROR;
				CLANG_WARN_DOCUMENTATION_COMMENTS = YES;
				CLANG_WARN_EMPTY_BODY = YES;
				CLANG_WARN_ENUM_CONVERSION = YES;
				CLANG_WARN_INFINITE_RECURSION = YES;
				CLANG_WARN_INT_CONVERSION = YES;
				CLANG_WARN_NON_LITERAL_NULL_CONVERSION = YES;
				CLANG_WARN_OBJC_LITERAL_CONVERSION = YES;
				CLANG_WARN_OBJC_ROOT_CLASS = YES_ERROR;
				CLANG_WARN_RANGE_LOOP_ANALYSIS = YES;
				CLANG_WARN_STRICT_PROTOTYPES = YES;
				CLANG_WARN_SUSPICIOUS_MOVE = YES;
				CLANG_WARN_UNGUARDED_AVAILABILITY = YES_AGGRESSIVE;
				CLANG_WARN_UNREACHABLE_CODE = YES;
				CLANG_WARN__DUPLICATE_METHOD_MATCH = YES;
				CODE_SIGN_IDENTITY = "-";
				COPY_PHASE_STRIP = NO;
				DEBUG_INFORMATION_FORMAT = "dwarf-with-dsym";
				ENABLE_NS_ASSERTIONS = NO;
				ENABLE_STRICT_OBJC_MSGSEND = YES;
				GCC_C_LANGUAGE_STANDARD = gnu11;
				GCC_NO_COMMON_BLOCKS = YES;
				GCC_WARN_64_TO_32_BIT_CONVERSION = YES;
				GCC_WARN_ABOUT_RETURN_TYPE = YES_ERROR;
				GCC_WARN_UNDECLARED_SELECTOR = YES;
				GCC_WARN_UNINITIALIZED_AUTOS = YES_AGGRESSIVE;
				GCC_WARN_UNUSED_FUNCTION = YES;
				GCC_WARN_UNUSED_VARIABLE = YES;
				MACOSX_DEPLOYMENT_TARGET = 10.13;
				MTL_ENABLE_DEBUG_INFO = NO;
				SDKROOT = macosx;
				SWIFT_OPTIMIZATION_LEVEL = "-Owholemodule";
			};
			name = Release;
		};
		DCF093B920309F05003224AC /* Debug */ = {
			isa = XCBuildConfiguration;
			buildSettings = {
				ASSETCATALOG_COMPILER_APPICON_NAME = AppIcon;
				CODE_SIGN_STYLE = Automatic;
				COMBINE_HIDPI_IMAGES = YES;
				FRAMEWORK_SEARCH_PATHS = (
					"$(inherited)",
					"$(PROJECT_DIR)/Carthage/Build/Mac",
				);
				INFOPLIST_FILE = "Launch Pad/Info.plist";
				LD_RUNPATH_SEARCH_PATHS = "$(inherited) @executable_path/../Frameworks";
				PRODUCT_BUNDLE_IDENTIFIER = "org.breakthesystem.Launch-Pad";
				PRODUCT_NAME = "$(TARGET_NAME)";
				SWIFT_VERSION = 4.0;
			};
			name = Debug;
		};
		DCF093BA20309F05003224AC /* Release */ = {
			isa = XCBuildConfiguration;
			buildSettings = {
				ASSETCATALOG_COMPILER_APPICON_NAME = AppIcon;
				CODE_SIGN_STYLE = Automatic;
				COMBINE_HIDPI_IMAGES = YES;
				FRAMEWORK_SEARCH_PATHS = (
					"$(inherited)",
					"$(PROJECT_DIR)/Carthage/Build/Mac",
				);
				INFOPLIST_FILE = "Launch Pad/Info.plist";
				LD_RUNPATH_SEARCH_PATHS = "$(inherited) @executable_path/../Frameworks";
				PRODUCT_BUNDLE_IDENTIFIER = "org.breakthesystem.Launch-Pad";
				PRODUCT_NAME = "$(TARGET_NAME)";
				SWIFT_VERSION = 4.0;
			};
			name = Release;
		};
		DCF093BC20309F05003224AC /* Debug */ = {
			isa = XCBuildConfiguration;
			buildSettings = {
				ALWAYS_EMBED_SWIFT_STANDARD_LIBRARIES = YES;
				BUNDLE_LOADER = "$(TEST_HOST)";
				CODE_SIGN_STYLE = Automatic;
				COMBINE_HIDPI_IMAGES = YES;
				INFOPLIST_FILE = "Launch PadTests/Info.plist";
				LD_RUNPATH_SEARCH_PATHS = "$(inherited) @executable_path/../Frameworks @loader_path/../Frameworks";
				PRODUCT_BUNDLE_IDENTIFIER = "org.breakthesystem.Launch-PadTests";
				PRODUCT_NAME = "$(TARGET_NAME)";
				SWIFT_VERSION = 4.0;
				TEST_HOST = "$(BUILT_PRODUCTS_DIR)/Launch Pad.app/Contents/MacOS/Launch Pad";
			};
			name = Debug;
		};
		DCF093BD20309F05003224AC /* Release */ = {
			isa = XCBuildConfiguration;
			buildSettings = {
				ALWAYS_EMBED_SWIFT_STANDARD_LIBRARIES = YES;
				BUNDLE_LOADER = "$(TEST_HOST)";
				CODE_SIGN_STYLE = Automatic;
				COMBINE_HIDPI_IMAGES = YES;
				INFOPLIST_FILE = "Launch PadTests/Info.plist";
				LD_RUNPATH_SEARCH_PATHS = "$(inherited) @executable_path/../Frameworks @loader_path/../Frameworks";
				PRODUCT_BUNDLE_IDENTIFIER = "org.breakthesystem.Launch-PadTests";
				PRODUCT_NAME = "$(TARGET_NAME)";
				SWIFT_VERSION = 4.0;
				TEST_HOST = "$(BUILT_PRODUCTS_DIR)/Launch Pad.app/Contents/MacOS/Launch Pad";
			};
			name = Release;
		};
/* End XCBuildConfiguration section */

/* Begin XCConfigurationList section */
		DCF0939820309F04003224AC /* Build configuration list for PBXProject "Launch Pad" */ = {
			isa = XCConfigurationList;
			buildConfigurations = (
				DCF093B620309F05003224AC /* Debug */,
				DCF093B720309F05003224AC /* Release */,
			);
			defaultConfigurationIsVisible = 0;
			defaultConfigurationName = Release;
		};
		DCF093B820309F05003224AC /* Build configuration list for PBXNativeTarget "Launch Pad" */ = {
			isa = XCConfigurationList;
			buildConfigurations = (
				DCF093B920309F05003224AC /* Debug */,
				DCF093BA20309F05003224AC /* Release */,
			);
			defaultConfigurationIsVisible = 0;
			defaultConfigurationName = Release;
		};
		DCF093BB20309F05003224AC /* Build configuration list for PBXNativeTarget "Launch PadTests" */ = {
			isa = XCConfigurationList;
			buildConfigurations = (
				DCF093BC20309F05003224AC /* Debug */,
				DCF093BD20309F05003224AC /* Release */,
			);
			defaultConfigurationIsVisible = 0;
			defaultConfigurationName = Release;
		};
/* End XCConfigurationList section */
	};
	rootObject = DCF0939520309F04003224AC /* Project object */;
}
